
Microsoft Visual Studio Solution File, Format Version 12.00
# Visual Studio Version 17
VisualStudioVersion = 17.5.33516.290
MinimumVisualStudioVersion = 10.0.40219.1
Project("{FAE04EC0-301F-11D3-BF4B-00C04F79EFBC}") = "KinKanMaiUI", "KinKanMaiUI\KinKanMaiUI.csproj", "{F21BF5D4-FD1A-458B-B5FC-51D545ECF9AC}"
EndProject
Global
	GlobalSection(SolutionConfigurationPlatforms) = preSolution
		Debug|Any CPU = Debug|Any CPU
		Release|Any CPU = Release|Any CPU
	EndGlobalSection
	GlobalSection(ProjectConfigurationPlatforms) = postSolution
		{F21BF5D4-FD1A-458B-B5FC-51D545ECF9AC}.Debug|Any CPU.ActiveCfg = Debug|Any CPU
		{F21BF5D4-FD1A-458B-B5FC-51D545ECF9AC}.Debug|Any CPU.Build.0 = Debug|Any CPU
		{F21BF5D4-FD1A-458B-B5FC-51D545ECF9AC}.Release|Any CPU.ActiveCfg = Release|Any CPU
		{F21BF5D4-FD1A-458B-B5FC-51D545ECF9AC}.Release|Any CPU.Build.0 = Release|Any CPU
	EndGlobalSection
	GlobalSection(SolutionProperties) = preSolution
		HideSolutionNode = FALSE
	EndGlobalSection
	GlobalSection(ExtensibilityGlobals) = postSolution
		SolutionGuid = {77C78A02-A538-4A22-AB84-9E7B4EDEABB7}
	EndGlobalSection
EndGlobal
